{
  "lockfile_version": "1",
  "packages": {
    "go@1.22": {
      "last_modified": "2025-03-11T17:52:14Z",
      "resolved": "github:NixOS/nixpkgs/0d534853a55b5d02a4ababa1d71921ce8f0aee4c#go_1_22",
      "source": "devbox-search",
      "version": "1.22.12",
      "systems": {
        "aarch64-darwin": {
          "outputs": [
            {
              "name": "out",
              "path": "/nix/store/22cdyq96qa185whfsqq29bc226z0rjn9-go-1.22.12",
              "default": true
            }
          ],
          "store_path": "/nix/store/22cdyq96qa185whfsqq29bc226z0rjn9-go-1.22.12"
        },
        "aarch64-linux": {
          "outputs": [
            {
              "name": "out",
              "path": "/nix/store/55xfvgfsmr0m0p412vr8hiq4s3vi3hkn-go-1.22.12",
              "default": true
            }
          ],
          "store_path": "/nix/store/55xfvgfsmr0m0p412vr8hiq4s3vi3hkn-go-1.22.12"
        },
        "x86_64-darwin": {
          "outputs": [
            {
              "name": "out",
              "path": "/nix/store/3jmnyd8qzjwaibgwpy40izllr8fxjz4q-go-1.22.12",
              "default": true
            }
          ],
          "store_path": "/nix/store/3jmnyd8qzjwaibgwpy40izllr8fxjz4q-go-1.22.12"
        },
        "x86_64-linux": {
          "outputs": [
            {
              "name": "out",
              "path": "/nix/store/mdw3nfcaxld4g00rmcfa4rs2ywm17fdq-go-1.22.12",
              "default": true
            }
          ],
          "store_path": "/nix/store/mdw3nfcaxld4g00rmcfa4rs2ywm17fdq-go-1.22.12"
        }
      }
    },
    "golangci-lint@latest": {
      "last_modified": "2025-01-19T08:16:51Z",
      "resolved": "github:NixOS/nixpkgs/50165c4f7eb48ce82bd063e1fb8047a0f515f8ce#golangci-lint",
      "source": "devbox-search",
      "version": "1.63.4",
      "systems": {
        "aarch64-darwin": {
          "outputs": [
            {
              "name": "out",
              "path": "/nix/store/p81vg4szd85xb1m5r17fn6h2cd433xv9-golangci-lint-1.63.4",
              "default": true
            }
          ],
          "store_path": "/nix/store/p81vg4szd85xb1m5r17fn6h2cd433xv9-golangci-lint-1.63.4"
        },
        "aarch64-linux": {
          "outputs": [
            {
              "name": "out",
              "path": "/nix/store/45k8x4b0ygqwpf7di7rcglxsz8ykxz9z-golangci-lint-1.63.4",
              "default": true
            }
          ],
          "store_path": "/nix/store/45k8x4b0ygqwpf7di7rcglxsz8ykxz9z-golangci-lint-1.63.4"
        },
        "x86_64-darwin": {
          "outputs": [
            {
              "name": "out",
              "path": "/nix/store/2xslqh1iyjbhwyynxw09ygfaxzfhmakp-golangci-lint-1.63.4",
              "default": true
            }
          ],
          "store_path": "/nix/store/2xslqh1iyjbhwyynxw09ygfaxzfhmakp-golangci-lint-1.63.4"
        },
        "x86_64-linux": {
          "outputs": [
            {
              "name": "out",
              "path": "/nix/store/71a493qsawf2gsh3s31zsbrw5pg8psmc-golangci-lint-1.63.4",
              "default": true
            }
          ],
          "store_path": "/nix/store/71a493qsawf2gsh3s31zsbrw5pg8psmc-golangci-lint-1.63.4"
        }
      }
    },
    "tinygo@0.33.0": {
      "last_modified": "2024-10-15T08:13:08Z",
      "resolved": "github:NixOS/nixpkgs/7881fbfd2e3ed1dfa315fca889b2cfd94be39337#tinygo",
      "source": "devbox-search",
      "version": "0.33.0",
      "systems": {
        "aarch64-darwin": {
          "outputs": [
            {
              "name": "out",
              "path": "/nix/store/0i9qc6i3xdwr0c9ksrad6a9jfdfjvfjf-tinygo-0.33.0",
              "default": true
            }
          ],
          "store_path": "/nix/store/0i9qc6i3xdwr0c9ksrad6a9jfdfjvfjf-tinygo-0.33.0"
        },
        "aarch64-linux": {
          "outputs": [
            {
              "name": "out",
              "path": "/nix/store/h96bdpcmqdy6bhlydknjr046mzp378za-tinygo-0.33.0",
              "default": true
            }
          ],
          "store_path": "/nix/store/h96bdpcmqdy6bhlydknjr046mzp378za-tinygo-0.33.0"
        },
        "x86_64-darwin": {
          "outputs": [
            {
              "name": "out",
              "path": "/nix/store/6z9w65al6vvzyn56jjy8rvrdbiamsvp4-tinygo-0.33.0",
              "default": true
            }
          ],
          "store_path": "/nix/store/6z9w65al6vvzyn56jjy8rvrdbiamsvp4-tinygo-0.33.0"
        },
        "x86_64-linux": {
          "outputs": [
            {
              "name": "out",
              "path": "/nix/store/818yxfdafwv1aqbivk2bjyjh90fwlq8c-tinygo-0.33.0",
              "default": true
            }
          ],
          "store_path": "/nix/store/818yxfdafwv1aqbivk2bjyjh90fwlq8c-tinygo-0.33.0"
        }
      }
    }
  }
}
